
Microsoft Visual Studio Solution File, Format Version 12.00
# Visual Studio Version 17
VisualStudioVersion = 17.7.34009.444
MinimumVisualStudioVersion = 10.0.40219.1
Project("{FAE04EC0-301F-11D3-BF4B-00C04F79EFBC}") = "ApiDz2", "ApiDz2\ApiDz2.csproj", "{32741ABC-C433-4152-8E97-DF34C6F1564B}"
EndProject
Global
	GlobalSection(SolutionConfigurationPlatforms) = preSolution
		Debug|Any CPU = Debug|Any CPU
		Release|Any CPU = Release|Any CPU
	EndGlobalSection
	GlobalSection(ProjectConfigurationPlatforms) = postSolution
		{32741ABC-C433-4152-8E97-DF34C6F1564B}.Debug|Any CPU.ActiveCfg = Debug|Any CPU
		{32741ABC-C433-4152-8E97-DF34C6F1564B}.Debug|Any CPU.Build.0 = Debug|Any CPU
		{32741ABC-C433-4152-8E97-DF34C6F1564B}.Release|Any CPU.ActiveCfg = Release|Any CPU
		{32741ABC-C433-4152-8E97-DF34C6F1564B}.Release|Any CPU.Build.0 = Release|Any CPU
	EndGlobalSection
	GlobalSection(SolutionProperties) = preSolution
		HideSolutionNode = FALSE
	EndGlobalSection
	GlobalSection(ExtensibilityGlobals) = postSolution
		SolutionGuid = {36CA39F5-A35D-493C-845B-CE4A5B51E820}
	EndGlobalSection
EndGlobal
